
Microsoft Visual Studio Solution File, Format Version 12.00
# Visual Studio Version 17
VisualStudioVersion = 17.11.35312.102
MinimumVisualStudioVersion = 10.0.40219.1
Project("{9A19103F-16F7-4668-BE54-9A1E7A4F7556}") = "MyApiV8", "src\1 - Presentation\MyApiV8.csproj", "{73AC44B8-8AA9-45BE-9B90-436C915879C8}"
EndProject
Project("{2150E333-8FDC-42A3-9474-1A3956D46DE8}") = "src", "src", "{36D78E11-B299-4AD1-835B-909E3C3DDB91}"
EndProject
Project("{2150E333-8FDC-42A3-9474-1A3956D46DE8}") = "1 - Presentation", "1 - Presentation", "{26C7E53B-42AB-4B86-8A0B-C3AEE5E6D08D}"
EndProject
Project("{9A19103F-16F7-4668-BE54-9A1E7A4F7556}") = "MyApiV8.Application", "src\2 - Application\MyApiV8.Application.csproj", "{829FD8B4-C988-4A6D-AEE9-5F5D31933D81}"
EndProject
Project("{2150E333-8FDC-42A3-9474-1A3956D46DE8}") = "2 - Application", "2 - Application", "{A80BF554-0DAE-4A04-942D-25815A45D020}"
EndProject
Project("{2150E333-8FDC-42A3-9474-1A3956D46DE8}") = "3 - Domain", "3 - Domain", "{FC72AE93-F98B-4E5F-8567-A72E1CEBC5F4}"
EndProject
Project("{2150E333-8FDC-42A3-9474-1A3956D46DE8}") = "4 - Infra", "4 - Infra", "{1BAC81C5-8517-4FAB-816F-DBFB3CF3D0CD}"
EndProject
Project("{9A19103F-16F7-4668-BE54-9A1E7A4F7556}") = "MyApiV8.Domain", "src\3 - Domain\MyApiV8.Domain.csproj", "{349A0103-0CE4-450F-8574-48DB2DEF0F4F}"
EndProject
Project("{2150E333-8FDC-42A3-9474-1A3956D46DE8}") = "4.1 - Data", "4.1 - Data", "{C244ABDA-C6C8-4C87-A4B9-5FBBDD03B0DB}"
EndProject
Project("{2150E333-8FDC-42A3-9474-1A3956D46DE8}") = "4.2 - CrossCutting", "4.2 - CrossCutting", "{19B00206-6B79-4BD1-8734-D2CF9E6F93B4}"
EndProject
Project("{2150E333-8FDC-42A3-9474-1A3956D46DE8}") = "5 - Tests", "5 - Tests", "{1ECA96D8-55AD-4AC9-95D9-1032D0ACB3E4}"
EndProject
Project("{9A19103F-16F7-4668-BE54-9A1E7A4F7556}") = "MyApiV8.Tests", "src\5 - Tests\MyApiV8.Tests.csproj", "{9AAD8167-5BD4-4DF0-9F9F-51C6856FE9CB}"
EndProject
Project("{9A19103F-16F7-4668-BE54-9A1E7A4F7556}") = "MyApiV8.Infra.Data", "src\4 - Infra\4.1 - Data\MyApiV8.Infra.Data.csproj", "{B1F0263C-2520-49CE-A6E0-037613F91A37}"
EndProject
Project("{9A19103F-16F7-4668-BE54-9A1E7A4F7556}") = "MyApiV8.Infra.CrossCutting", "src\4 - Infra\4.2 - CrossCutting\MyApiV8.Infra.CrossCutting.csproj", "{9316543E-0552-4DA1-AE94-8008DFB538AE}"
EndProject
Global
	GlobalSection(SolutionConfigurationPlatforms) = preSolution
		Debug|Any CPU = Debug|Any CPU
		Release|Any CPU = Release|Any CPU
	EndGlobalSection
	GlobalSection(ProjectConfigurationPlatforms) = postSolution
		{73AC44B8-8AA9-45BE-9B90-436C915879C8}.Debug|Any CPU.ActiveCfg = Debug|Any CPU
		{73AC44B8-8AA9-45BE-9B90-436C915879C8}.Debug|Any CPU.Build.0 = Debug|Any CPU
		{73AC44B8-8AA9-45BE-9B90-436C915879C8}.Release|Any CPU.ActiveCfg = Release|Any CPU
		{73AC44B8-8AA9-45BE-9B90-436C915879C8}.Release|Any CPU.Build.0 = Release|Any CPU
		{829FD8B4-C988-4A6D-AEE9-5F5D31933D81}.Debug|Any CPU.ActiveCfg = Debug|Any CPU
		{829FD8B4-C988-4A6D-AEE9-5F5D31933D81}.Debug|Any CPU.Build.0 = Debug|Any CPU
		{829FD8B4-C988-4A6D-AEE9-5F5D31933D81}.Release|Any CPU.ActiveCfg = Release|Any CPU
		{829FD8B4-C988-4A6D-AEE9-5F5D31933D81}.Release|Any CPU.Build.0 = Release|Any CPU
		{349A0103-0CE4-450F-8574-48DB2DEF0F4F}.Debug|Any CPU.ActiveCfg = Debug|Any CPU
		{349A0103-0CE4-450F-8574-48DB2DEF0F4F}.Debug|Any CPU.Build.0 = Debug|Any CPU
		{349A0103-0CE4-450F-8574-48DB2DEF0F4F}.Release|Any CPU.ActiveCfg = Release|Any CPU
		{349A0103-0CE4-450F-8574-48DB2DEF0F4F}.Release|Any CPU.Build.0 = Release|Any CPU
		{9AAD8167-5BD4-4DF0-9F9F-51C6856FE9CB}.Debug|Any CPU.ActiveCfg = Debug|Any CPU
		{9AAD8167-5BD4-4DF0-9F9F-51C6856FE9CB}.Debug|Any CPU.Build.0 = Debug|Any CPU
		{9AAD8167-5BD4-4DF0-9F9F-51C6856FE9CB}.Release|Any CPU.ActiveCfg = Release|Any CPU
		{9AAD8167-5BD4-4DF0-9F9F-51C6856FE9CB}.Release|Any CPU.Build.0 = Release|Any CPU
		{B1F0263C-2520-49CE-A6E0-037613F91A37}.Debug|Any CPU.ActiveCfg = Debug|Any CPU
		{B1F0263C-2520-49CE-A6E0-037613F91A37}.Debug|Any CPU.Build.0 = Debug|Any CPU
		{B1F0263C-2520-49CE-A6E0-037613F91A37}.Release|Any CPU.ActiveCfg = Release|Any CPU
		{B1F0263C-2520-49CE-A6E0-037613F91A37}.Release|Any CPU.Build.0 = Release|Any CPU
		{9316543E-0552-4DA1-AE94-8008DFB538AE}.Debug|Any CPU.ActiveCfg = Debug|Any CPU
		{9316543E-0552-4DA1-AE94-8008DFB538AE}.Debug|Any CPU.Build.0 = Debug|Any CPU
		{9316543E-0552-4DA1-AE94-8008DFB538AE}.Release|Any CPU.ActiveCfg = Release|Any CPU
		{9316543E-0552-4DA1-AE94-8008DFB538AE}.Release|Any CPU.Build.0 = Release|Any CPU
	EndGlobalSection
	GlobalSection(SolutionProperties) = preSolution
		HideSolutionNode = FALSE
	EndGlobalSection
	GlobalSection(NestedProjects) = preSolution
		{73AC44B8-8AA9-45BE-9B90-436C915879C8} = {26C7E53B-42AB-4B86-8A0B-C3AEE5E6D08D}
		{26C7E53B-42AB-4B86-8A0B-C3AEE5E6D08D} = {36D78E11-B299-4AD1-835B-909E3C3DDB91}
		{829FD8B4-C988-4A6D-AEE9-5F5D31933D81} = {A80BF554-0DAE-4A04-942D-25815A45D020}
		{A80BF554-0DAE-4A04-942D-25815A45D020} = {36D78E11-B299-4AD1-835B-909E3C3DDB91}
		{FC72AE93-F98B-4E5F-8567-A72E1CEBC5F4} = {36D78E11-B299-4AD1-835B-909E3C3DDB91}
		{1BAC81C5-8517-4FAB-816F-DBFB3CF3D0CD} = {36D78E11-B299-4AD1-835B-909E3C3DDB91}
		{349A0103-0CE4-450F-8574-48DB2DEF0F4F} = {FC72AE93-F98B-4E5F-8567-A72E1CEBC5F4}
		{C244ABDA-C6C8-4C87-A4B9-5FBBDD03B0DB} = {1BAC81C5-8517-4FAB-816F-DBFB3CF3D0CD}
		{19B00206-6B79-4BD1-8734-D2CF9E6F93B4} = {1BAC81C5-8517-4FAB-816F-DBFB3CF3D0CD}
		{1ECA96D8-55AD-4AC9-95D9-1032D0ACB3E4} = {36D78E11-B299-4AD1-835B-909E3C3DDB91}
		{9AAD8167-5BD4-4DF0-9F9F-51C6856FE9CB} = {1ECA96D8-55AD-4AC9-95D9-1032D0ACB3E4}
		{B1F0263C-2520-49CE-A6E0-037613F91A37} = {C244ABDA-C6C8-4C87-A4B9-5FBBDD03B0DB}
		{9316543E-0552-4DA1-AE94-8008DFB538AE} = {19B00206-6B79-4BD1-8734-D2CF9E6F93B4}
	EndGlobalSection
	GlobalSection(ExtensibilityGlobals) = postSolution
		SolutionGuid = {C1A63C4B-9624-4866-952A-DA2241E86675}
	EndGlobalSection
EndGlobal
